
Microsoft Visual Studio Solution File, Format Version 12.00
# Visual Studio Version 17
VisualStudioVersion = 17.11.35208.52
MinimumVisualStudioVersion = 10.0.40219.1
Project("{2150E333-8FDC-42A3-9474-1A3956D46DE8}") = "projects", "projects", "{2A91EF8B-71B1-4D6E-A734-3D9FD06A51AF}"
EndProject
Project("{2150E333-8FDC-42A3-9474-1A3956D46DE8}") = "quickEcomm", "quickEcomm", "{4EBBC925-DDA2-4399-8002-C2C1651BABA2}"
EndProject
Project("{9A19103F-16F7-4668-BE54-9A1E7A4F7556}") = "QuickCom.API", "QuickCom\QuickCom.API.csproj", "{7CB864C4-0D63-41A4-947E-A01947C0E972}"
EndProject
Project("{9A19103F-16F7-4668-BE54-9A1E7A4F7556}") = "QuickCom.Domain", "QuickCom.Domain\QuickCom.Domain.csproj", "{77D6645F-0653-4566-8F82-83D86697023D}"
EndProject
Project("{9A19103F-16F7-4668-BE54-9A1E7A4F7556}") = "QuickCom.Persistence", "QuickCom.Persistence\QuickCom.Persistence.csproj", "{9CE819DC-9A5D-4B5B-94BC-8C47059E7D49}"
EndProject
Project("{9A19103F-16F7-4668-BE54-9A1E7A4F7556}") = "QuickCom.Application", "QuickCom.Application\QuickCom.Application.csproj", "{C072D7AB-BD6E-4158-8086-4230BDE0720E}"
EndProject
Global
	GlobalSection(SolutionConfigurationPlatforms) = preSolution
		Debug|Any CPU = Debug|Any CPU
		Release|Any CPU = Release|Any CPU
	EndGlobalSection
	GlobalSection(ProjectConfigurationPlatforms) = postSolution
		{7CB864C4-0D63-41A4-947E-A01947C0E972}.Debug|Any CPU.ActiveCfg = Debug|Any CPU
		{7CB864C4-0D63-41A4-947E-A01947C0E972}.Debug|Any CPU.Build.0 = Debug|Any CPU
		{7CB864C4-0D63-41A4-947E-A01947C0E972}.Release|Any CPU.ActiveCfg = Release|Any CPU
		{7CB864C4-0D63-41A4-947E-A01947C0E972}.Release|Any CPU.Build.0 = Release|Any CPU
		{77D6645F-0653-4566-8F82-83D86697023D}.Debug|Any CPU.ActiveCfg = Debug|Any CPU
		{77D6645F-0653-4566-8F82-83D86697023D}.Debug|Any CPU.Build.0 = Debug|Any CPU
		{77D6645F-0653-4566-8F82-83D86697023D}.Release|Any CPU.ActiveCfg = Release|Any CPU
		{77D6645F-0653-4566-8F82-83D86697023D}.Release|Any CPU.Build.0 = Release|Any CPU
		{9CE819DC-9A5D-4B5B-94BC-8C47059E7D49}.Debug|Any CPU.ActiveCfg = Debug|Any CPU
		{9CE819DC-9A5D-4B5B-94BC-8C47059E7D49}.Debug|Any CPU.Build.0 = Debug|Any CPU
		{9CE819DC-9A5D-4B5B-94BC-8C47059E7D49}.Release|Any CPU.ActiveCfg = Release|Any CPU
		{9CE819DC-9A5D-4B5B-94BC-8C47059E7D49}.Release|Any CPU.Build.0 = Release|Any CPU
		{C072D7AB-BD6E-4158-8086-4230BDE0720E}.Debug|Any CPU.ActiveCfg = Debug|Any CPU
		{C072D7AB-BD6E-4158-8086-4230BDE0720E}.Debug|Any CPU.Build.0 = Debug|Any CPU
		{C072D7AB-BD6E-4158-8086-4230BDE0720E}.Release|Any CPU.ActiveCfg = Release|Any CPU
		{C072D7AB-BD6E-4158-8086-4230BDE0720E}.Release|Any CPU.Build.0 = Release|Any CPU
	EndGlobalSection
	GlobalSection(SolutionProperties) = preSolution
		HideSolutionNode = FALSE
	EndGlobalSection
	GlobalSection(NestedProjects) = preSolution
		{4EBBC925-DDA2-4399-8002-C2C1651BABA2} = {2A91EF8B-71B1-4D6E-A734-3D9FD06A51AF}
		{7CB864C4-0D63-41A4-947E-A01947C0E972} = {4EBBC925-DDA2-4399-8002-C2C1651BABA2}
		{77D6645F-0653-4566-8F82-83D86697023D} = {4EBBC925-DDA2-4399-8002-C2C1651BABA2}
		{9CE819DC-9A5D-4B5B-94BC-8C47059E7D49} = {4EBBC925-DDA2-4399-8002-C2C1651BABA2}
		{C072D7AB-BD6E-4158-8086-4230BDE0720E} = {4EBBC925-DDA2-4399-8002-C2C1651BABA2}
	EndGlobalSection
	GlobalSection(ExtensibilityGlobals) = postSolution
		SolutionGuid = {D7092C14-CD67-4834-B4EB-D0DCB1A25EFB}
	EndGlobalSection
EndGlobal
