
Microsoft Visual Studio Solution File, Format Version 12.00
# Visual Studio Version 17
VisualStudioVersion = 17.11.35208.52
MinimumVisualStudioVersion = 10.0.40219.1
Project("{2150E333-8FDC-42A3-9474-1A3956D46DE8}") = "corePackages", "corePackages", "{08179173-4C2A-4F08-86C5-D3C8CB587F25}"
EndProject
Project("{9A19103F-16F7-4668-BE54-9A1E7A4F7556}") = "Core.Persistence", "core.Persistence\Core.Persistence.csproj", "{16D18BB9-00A4-477F-BC79-A9A71D11CD98}"
EndProject
Project("{2150E333-8FDC-42A3-9474-1A3956D46DE8}") = "projects", "projects", "{2A91EF8B-71B1-4D6E-A734-3D9FD06A51AF}"
EndProject
Project("{2150E333-8FDC-42A3-9474-1A3956D46DE8}") = "academy", "academy", "{2DB02768-9A8B-4587-BE35-CB8B50C06241}"
EndProject
Project("{9A19103F-16F7-4668-BE54-9A1E7A4F7556}") = "Academy.API", "Academy.API\Academy.API.csproj", "{0BB95AE0-B949-43A2-8525-FC3E51504CAC}"
EndProject
Project("{9A19103F-16F7-4668-BE54-9A1E7A4F7556}") = "Academy.Domain", "Academy.Domain\Academy.Domain.csproj", "{F67951AA-DEFC-4A41-9605-1F193EB52357}"
EndProject
Project("{9A19103F-16F7-4668-BE54-9A1E7A4F7556}") = "Academy.Persistence", "Academy.Persistence\Academy.Persistence.csproj", "{A0AD9561-0DEC-45BE-8975-BE7CC5246A87}"
EndProject
Project("{9A19103F-16F7-4668-BE54-9A1E7A4F7556}") = "Academy.Application", "Academy.Application\Academy.Application.csproj", "{4CA94904-6202-40B5-BFAF-FC0196E3A618}"
EndProject
Project("{9A19103F-16F7-4668-BE54-9A1E7A4F7556}") = "Core.Security", "Core.Security\Core.Security.csproj", "{F90DD5E2-7CCC-420A-B5CC-CB10CD855D7A}"
EndProject
Project("{9A19103F-16F7-4668-BE54-9A1E7A4F7556}") = "ApiTest", "ApiTest\ApiTest.csproj", "{76D448E0-1131-486C-9C02-D670D842DE1B}"
EndProject
Project("{2150E333-8FDC-42A3-9474-1A3956D46DE8}") = "quickEcomm", "quickEcomm", "{4EBBC925-DDA2-4399-8002-C2C1651BABA2}"
EndProject
Project("{FAE04EC0-301F-11D3-BF4B-00C04F79EFBC}") = "QuickCom.API", "QuickCom\QuickCom.API.csproj", "{7CB864C4-0D63-41A4-947E-A01947C0E972}"
EndProject
Project("{FAE04EC0-301F-11D3-BF4B-00C04F79EFBC}") = "QuickCom.Domain", "QuickCom.Domain\QuickCom.Domain.csproj", "{77D6645F-0653-4566-8F82-83D86697023D}"
EndProject
Project("{FAE04EC0-301F-11D3-BF4B-00C04F79EFBC}") = "QuickCom.Persistence", "QuickCom.Persistence\QuickCom.Persistence.csproj", "{9CE819DC-9A5D-4B5B-94BC-8C47059E7D49}"
EndProject
Project("{FAE04EC0-301F-11D3-BF4B-00C04F79EFBC}") = "QuickCom.Application", "QuickCom.Application\QuickCom.Application.csproj", "{C072D7AB-BD6E-4158-8086-4230BDE0720E}"
EndProject
Global
	GlobalSection(SolutionConfigurationPlatforms) = preSolution
		Debug|Any CPU = Debug|Any CPU
		Release|Any CPU = Release|Any CPU
	EndGlobalSection
	GlobalSection(ProjectConfigurationPlatforms) = postSolution
		{16D18BB9-00A4-477F-BC79-A9A71D11CD98}.Debug|Any CPU.ActiveCfg = Debug|Any CPU
		{16D18BB9-00A4-477F-BC79-A9A71D11CD98}.Debug|Any CPU.Build.0 = Debug|Any CPU
		{16D18BB9-00A4-477F-BC79-A9A71D11CD98}.Release|Any CPU.ActiveCfg = Release|Any CPU
		{16D18BB9-00A4-477F-BC79-A9A71D11CD98}.Release|Any CPU.Build.0 = Release|Any CPU
		{0BB95AE0-B949-43A2-8525-FC3E51504CAC}.Debug|Any CPU.ActiveCfg = Debug|Any CPU
		{0BB95AE0-B949-43A2-8525-FC3E51504CAC}.Debug|Any CPU.Build.0 = Debug|Any CPU
		{0BB95AE0-B949-43A2-8525-FC3E51504CAC}.Release|Any CPU.ActiveCfg = Release|Any CPU
		{0BB95AE0-B949-43A2-8525-FC3E51504CAC}.Release|Any CPU.Build.0 = Release|Any CPU
		{F67951AA-DEFC-4A41-9605-1F193EB52357}.Debug|Any CPU.ActiveCfg = Debug|Any CPU
		{F67951AA-DEFC-4A41-9605-1F193EB52357}.Debug|Any CPU.Build.0 = Debug|Any CPU
		{F67951AA-DEFC-4A41-9605-1F193EB52357}.Release|Any CPU.ActiveCfg = Release|Any CPU
		{F67951AA-DEFC-4A41-9605-1F193EB52357}.Release|Any CPU.Build.0 = Release|Any CPU
		{A0AD9561-0DEC-45BE-8975-BE7CC5246A87}.Debug|Any CPU.ActiveCfg = Debug|Any CPU
		{A0AD9561-0DEC-45BE-8975-BE7CC5246A87}.Debug|Any CPU.Build.0 = Debug|Any CPU
		{A0AD9561-0DEC-45BE-8975-BE7CC5246A87}.Release|Any CPU.ActiveCfg = Release|Any CPU
		{A0AD9561-0DEC-45BE-8975-BE7CC5246A87}.Release|Any CPU.Build.0 = Release|Any CPU
		{4CA94904-6202-40B5-BFAF-FC0196E3A618}.Debug|Any CPU.ActiveCfg = Debug|Any CPU
		{4CA94904-6202-40B5-BFAF-FC0196E3A618}.Debug|Any CPU.Build.0 = Debug|Any CPU
		{4CA94904-6202-40B5-BFAF-FC0196E3A618}.Release|Any CPU.ActiveCfg = Release|Any CPU
		{4CA94904-6202-40B5-BFAF-FC0196E3A618}.Release|Any CPU.Build.0 = Release|Any CPU
		{F90DD5E2-7CCC-420A-B5CC-CB10CD855D7A}.Debug|Any CPU.ActiveCfg = Debug|Any CPU
		{F90DD5E2-7CCC-420A-B5CC-CB10CD855D7A}.Debug|Any CPU.Build.0 = Debug|Any CPU
		{F90DD5E2-7CCC-420A-B5CC-CB10CD855D7A}.Release|Any CPU.ActiveCfg = Release|Any CPU
		{F90DD5E2-7CCC-420A-B5CC-CB10CD855D7A}.Release|Any CPU.Build.0 = Release|Any CPU
		{76D448E0-1131-486C-9C02-D670D842DE1B}.Debug|Any CPU.ActiveCfg = Debug|Any CPU
		{76D448E0-1131-486C-9C02-D670D842DE1B}.Debug|Any CPU.Build.0 = Debug|Any CPU
		{76D448E0-1131-486C-9C02-D670D842DE1B}.Release|Any CPU.ActiveCfg = Release|Any CPU
		{76D448E0-1131-486C-9C02-D670D842DE1B}.Release|Any CPU.Build.0 = Release|Any CPU
		{7CB864C4-0D63-41A4-947E-A01947C0E972}.Debug|Any CPU.ActiveCfg = Debug|Any CPU
		{7CB864C4-0D63-41A4-947E-A01947C0E972}.Debug|Any CPU.Build.0 = Debug|Any CPU
		{7CB864C4-0D63-41A4-947E-A01947C0E972}.Release|Any CPU.ActiveCfg = Release|Any CPU
		{7CB864C4-0D63-41A4-947E-A01947C0E972}.Release|Any CPU.Build.0 = Release|Any CPU
		{77D6645F-0653-4566-8F82-83D86697023D}.Debug|Any CPU.ActiveCfg = Debug|Any CPU
		{77D6645F-0653-4566-8F82-83D86697023D}.Debug|Any CPU.Build.0 = Debug|Any CPU
		{77D6645F-0653-4566-8F82-83D86697023D}.Release|Any CPU.ActiveCfg = Release|Any CPU
		{77D6645F-0653-4566-8F82-83D86697023D}.Release|Any CPU.Build.0 = Release|Any CPU
		{9CE819DC-9A5D-4B5B-94BC-8C47059E7D49}.Debug|Any CPU.ActiveCfg = Debug|Any CPU
		{9CE819DC-9A5D-4B5B-94BC-8C47059E7D49}.Debug|Any CPU.Build.0 = Debug|Any CPU
		{9CE819DC-9A5D-4B5B-94BC-8C47059E7D49}.Release|Any CPU.ActiveCfg = Release|Any CPU
		{9CE819DC-9A5D-4B5B-94BC-8C47059E7D49}.Release|Any CPU.Build.0 = Release|Any CPU
		{C072D7AB-BD6E-4158-8086-4230BDE0720E}.Debug|Any CPU.ActiveCfg = Debug|Any CPU
		{C072D7AB-BD6E-4158-8086-4230BDE0720E}.Debug|Any CPU.Build.0 = Debug|Any CPU
		{C072D7AB-BD6E-4158-8086-4230BDE0720E}.Release|Any CPU.ActiveCfg = Release|Any CPU
		{C072D7AB-BD6E-4158-8086-4230BDE0720E}.Release|Any CPU.Build.0 = Release|Any CPU
	EndGlobalSection
	GlobalSection(SolutionProperties) = preSolution
		HideSolutionNode = FALSE
	EndGlobalSection
	GlobalSection(NestedProjects) = preSolution
		{16D18BB9-00A4-477F-BC79-A9A71D11CD98} = {08179173-4C2A-4F08-86C5-D3C8CB587F25}
		{2DB02768-9A8B-4587-BE35-CB8B50C06241} = {2A91EF8B-71B1-4D6E-A734-3D9FD06A51AF}
		{0BB95AE0-B949-43A2-8525-FC3E51504CAC} = {2DB02768-9A8B-4587-BE35-CB8B50C06241}
		{F67951AA-DEFC-4A41-9605-1F193EB52357} = {2DB02768-9A8B-4587-BE35-CB8B50C06241}
		{A0AD9561-0DEC-45BE-8975-BE7CC5246A87} = {2DB02768-9A8B-4587-BE35-CB8B50C06241}
		{4CA94904-6202-40B5-BFAF-FC0196E3A618} = {2DB02768-9A8B-4587-BE35-CB8B50C06241}
		{F90DD5E2-7CCC-420A-B5CC-CB10CD855D7A} = {08179173-4C2A-4F08-86C5-D3C8CB587F25}
		{4EBBC925-DDA2-4399-8002-C2C1651BABA2} = {2A91EF8B-71B1-4D6E-A734-3D9FD06A51AF}
		{7CB864C4-0D63-41A4-947E-A01947C0E972} = {4EBBC925-DDA2-4399-8002-C2C1651BABA2}
		{77D6645F-0653-4566-8F82-83D86697023D} = {4EBBC925-DDA2-4399-8002-C2C1651BABA2}
		{9CE819DC-9A5D-4B5B-94BC-8C47059E7D49} = {4EBBC925-DDA2-4399-8002-C2C1651BABA2}
		{C072D7AB-BD6E-4158-8086-4230BDE0720E} = {4EBBC925-DDA2-4399-8002-C2C1651BABA2}
	EndGlobalSection
	GlobalSection(ExtensibilityGlobals) = postSolution
		SolutionGuid = {D7092C14-CD67-4834-B4EB-D0DCB1A25EFB}
	EndGlobalSection
EndGlobal
